
Microsoft Visual Studio Solution File, Format Version 12.00
# Visual Studio Version 16
VisualStudioVersion = 16.0.29728.190
MinimumVisualStudioVersion = 10.0.40219.1
Project("{9A19103F-16F7-4668-BE54-9A1E7A4F7556}") = "AcademicSystemApi", "SistemaAcademico\AcademicSystemApi.csproj", "{2F87D6A4-1CE9-4FBB-BB31-5FEEF8244E9B}"
EndProject
Project("{9A19103F-16F7-4668-BE54-9A1E7A4F7556}") = "BLL", "BLL\BLL.csproj", "{09FBF8E0-A86B-4C03-BC0C-19CD04D8A79F}"
EndProject
Project("{FAE04EC0-301F-11D3-BF4B-00C04F79EFBC}") = "Entities", "Entities\Entities.csproj", "{A7B9712F-244B-4B3E-A8FB-BDEFE69554DB}"
EndProject
Project("{FAE04EC0-301F-11D3-BF4B-00C04F79EFBC}") = "DAL", "DAL\DAL.csproj", "{3AC111CF-FDAB-447D-968F-FEAB7CEA9E97}"
EndProject
Project("{FAE04EC0-301F-11D3-BF4B-00C04F79EFBC}") = "Tests", "Testes\Tests.csproj", "{84A1D482-6A21-482F-BF79-3268F655DA5D}"
EndProject
Global
	GlobalSection(SolutionConfigurationPlatforms) = preSolution
		Debug|Any CPU = Debug|Any CPU
		Release|Any CPU = Release|Any CPU
	EndGlobalSection
	GlobalSection(ProjectConfigurationPlatforms) = postSolution
		{2F87D6A4-1CE9-4FBB-BB31-5FEEF8244E9B}.Debug|Any CPU.ActiveCfg = Debug|Any CPU
		{2F87D6A4-1CE9-4FBB-BB31-5FEEF8244E9B}.Debug|Any CPU.Build.0 = Debug|Any CPU
		{2F87D6A4-1CE9-4FBB-BB31-5FEEF8244E9B}.Release|Any CPU.ActiveCfg = Release|Any CPU
		{2F87D6A4-1CE9-4FBB-BB31-5FEEF8244E9B}.Release|Any CPU.Build.0 = Release|Any CPU
		{09FBF8E0-A86B-4C03-BC0C-19CD04D8A79F}.Debug|Any CPU.ActiveCfg = Debug|Any CPU
		{09FBF8E0-A86B-4C03-BC0C-19CD04D8A79F}.Debug|Any CPU.Build.0 = Debug|Any CPU
		{09FBF8E0-A86B-4C03-BC0C-19CD04D8A79F}.Release|Any CPU.ActiveCfg = Release|Any CPU
		{09FBF8E0-A86B-4C03-BC0C-19CD04D8A79F}.Release|Any CPU.Build.0 = Release|Any CPU
		{A7B9712F-244B-4B3E-A8FB-BDEFE69554DB}.Debug|Any CPU.ActiveCfg = Debug|Any CPU
		{A7B9712F-244B-4B3E-A8FB-BDEFE69554DB}.Debug|Any CPU.Build.0 = Debug|Any CPU
		{A7B9712F-244B-4B3E-A8FB-BDEFE69554DB}.Release|Any CPU.ActiveCfg = Release|Any CPU
		{A7B9712F-244B-4B3E-A8FB-BDEFE69554DB}.Release|Any CPU.Build.0 = Release|Any CPU
		{3AC111CF-FDAB-447D-968F-FEAB7CEA9E97}.Debug|Any CPU.ActiveCfg = Debug|Any CPU
		{3AC111CF-FDAB-447D-968F-FEAB7CEA9E97}.Debug|Any CPU.Build.0 = Debug|Any CPU
		{3AC111CF-FDAB-447D-968F-FEAB7CEA9E97}.Release|Any CPU.ActiveCfg = Release|Any CPU
		{3AC111CF-FDAB-447D-968F-FEAB7CEA9E97}.Release|Any CPU.Build.0 = Release|Any CPU
		{84A1D482-6A21-482F-BF79-3268F655DA5D}.Debug|Any CPU.ActiveCfg = Debug|Any CPU
		{84A1D482-6A21-482F-BF79-3268F655DA5D}.Debug|Any CPU.Build.0 = Debug|Any CPU
		{84A1D482-6A21-482F-BF79-3268F655DA5D}.Release|Any CPU.ActiveCfg = Release|Any CPU
		{84A1D482-6A21-482F-BF79-3268F655DA5D}.Release|Any CPU.Build.0 = Release|Any CPU
	EndGlobalSection
	GlobalSection(SolutionProperties) = preSolution
		HideSolutionNode = FALSE
	EndGlobalSection
	GlobalSection(ExtensibilityGlobals) = postSolution
		SolutionGuid = {C3377F2E-30C3-4446-930C-ED042A0CDC72}
	EndGlobalSection
EndGlobal
